
Microsoft Visual Studio Solution File, Format Version 12.00
# Visual Studio 15
VisualStudioVersion = 15.0.28307.1145
MinimumVisualStudioVersion = 10.0.40219.1
Project("{FAE04EC0-301F-11D3-BF4B-00C04F79EFBC}") = "EXPCOD", "EXPCOD\EXPCOD.csproj", "{F09CA459-B69C-48F9-BA5B-691BC911B08C}"
EndProject
Global
	GlobalSection(SolutionConfigurationPlatforms) = preSolution
		Debug|Any CPU = Debug|Any CPU
		Release|Any CPU = Release|Any CPU
	EndGlobalSection
	GlobalSection(ProjectConfigurationPlatforms) = postSolution
		{F09CA459-B69C-48F9-BA5B-691BC911B08C}.Debug|Any CPU.ActiveCfg = Debug|Any CPU
		{F09CA459-B69C-48F9-BA5B-691BC911B08C}.Debug|Any CPU.Build.0 = Debug|Any CPU
		{F09CA459-B69C-48F9-BA5B-691BC911B08C}.Release|Any CPU.ActiveCfg = Release|Any CPU
		{F09CA459-B69C-48F9-BA5B-691BC911B08C}.Release|Any CPU.Build.0 = Release|Any CPU
	EndGlobalSection
	GlobalSection(SolutionProperties) = preSolution
		HideSolutionNode = FALSE
	EndGlobalSection
	GlobalSection(ExtensibilityGlobals) = postSolution
		SolutionGuid = {253550E8-9C36-44F1-A9D7-6A6E7FDE8D61}
	EndGlobalSection
EndGlobal
